
Microsoft Visual Studio Solution File, Format Version 12.00
# Visual Studio Version 17
VisualStudioVersion = 17.14.36518.9
MinimumVisualStudioVersion = 10.0.40219.1
Project("{FAE04EC0-301F-11D3-BF4B-00C04F79EFBC}") = "Slope Analysis", "Slope Analysis\Slope Analysis.csproj", "{9B8AFA49-6745-4670-9B0B-0A5F94AF8CA9}"
EndProject
Global
	GlobalSection(SolutionConfigurationPlatforms) = preSolution
		Debug|Any CPU = Debug|Any CPU
		Debug|x64 = Debug|x64
		Release|Any CPU = Release|Any CPU
		Release|x64 = Release|x64
	EndGlobalSection
	GlobalSection(ProjectConfigurationPlatforms) = postSolution
		{9B8AFA49-6745-4670-9B0B-0A5F94AF8CA9}.Debug|Any CPU.ActiveCfg = Debug|Any CPU
		{9B8AFA49-6745-4670-9B0B-0A5F94AF8CA9}.Debug|Any CPU.Build.0 = Debug|Any CPU
		{9B8AFA49-6745-4670-9B0B-0A5F94AF8CA9}.Debug|x64.ActiveCfg = Debug|x64
		{9B8AFA49-6745-4670-9B0B-0A5F94AF8CA9}.Debug|x64.Build.0 = Debug|x64
		{9B8AFA49-6745-4670-9B0B-0A5F94AF8CA9}.Release|Any CPU.ActiveCfg = Release|Any CPU
		{9B8AFA49-6745-4670-9B0B-0A5F94AF8CA9}.Release|Any CPU.Build.0 = Release|Any CPU
		{9B8AFA49-6745-4670-9B0B-0A5F94AF8CA9}.Release|x64.ActiveCfg = Release|x64
		{9B8AFA49-6745-4670-9B0B-0A5F94AF8CA9}.Release|x64.Build.0 = Release|x64
	EndGlobalSection
	GlobalSection(SolutionProperties) = preSolution
		HideSolutionNode = FALSE
	EndGlobalSection
	GlobalSection(ExtensibilityGlobals) = postSolution
		SolutionGuid = {1CDC9D33-6396-49A6-8BC4-12BBA65A6B6D}
	EndGlobalSection
EndGlobal
